# THIS IS AN AUTOGENERATED FILE. DO NOT EDIT THIS FILE DIRECTLY.
# yarn lockfile v1


"@openzeppelin/contracts@^4.3.1":
  version "4.3.1"
  resolved "https://registry.yarnpkg.com/@openzeppelin/contracts/-/contracts-4.3.1.tgz#c01f791ce6c9d3989ac1a643267501dbe336b9e3"
  integrity sha512-QjgbPPlmDK2clK1hzjw2ROfY8KA5q+PfhDUUxZFEBCZP9fi6d5FuNoh/Uq0oCTMEKPmue69vhX2jcl0N/tFKGw==
